
Microsoft Visual Studio Solution File, Format Version 12.00
# Visual Studio Version 17
VisualStudioVersion = 17.6.33712.159
MinimumVisualStudioVersion = 10.0.40219.1
Project("{FAE04EC0-301F-11D3-BF4B-00C04F79EFBC}") = "ManagedAndUnmanaged", "ManagedAndUnmanaged.csproj", "{4F640325-6A98-48C0-AB66-AA8A644F0751}"
EndProject
Global
	GlobalSection(SolutionConfigurationPlatforms) = preSolution
		Debug|Any CPU = Debug|Any CPU
		Release|Any CPU = Release|Any CPU
	EndGlobalSection
	GlobalSection(ProjectConfigurationPlatforms) = postSolution
		{4F640325-6A98-48C0-AB66-AA8A644F0751}.Debug|Any CPU.ActiveCfg = Debug|Any CPU
		{4F640325-6A98-48C0-AB66-AA8A644F0751}.Debug|Any CPU.Build.0 = Debug|Any CPU
		{4F640325-6A98-48C0-AB66-AA8A644F0751}.Release|Any CPU.ActiveCfg = Release|Any CPU
		{4F640325-6A98-48C0-AB66-AA8A644F0751}.Release|Any CPU.Build.0 = Release|Any CPU
	EndGlobalSection
	GlobalSection(SolutionProperties) = preSolution
		HideSolutionNode = FALSE
	EndGlobalSection
	GlobalSection(ExtensibilityGlobals) = postSolution
		SolutionGuid = {06CCA082-1E79-415F-A5F4-ABE413EAE848}
	EndGlobalSection
EndGlobal
